{
  "name": "@nadilk/vuetify-easy-admin",
  "version": "1.0.7",
  "lockfileVersion": 1,
  "requires": true,
  "dependencies": {
    "vue": {
      "version": "2.6.12",
      "resolved": "https://registry.npmjs.org/vue/-/vue-2.6.12.tgz",
      "integrity": "sha512-uhmLFETqPPNyuLLbsKz6ioJ4q7AZHzD8ZVFNATNyICSZouqP2Sz0rotWQC8UNBF6VGSCs5abnKJoStA6JbCbfg==",
      "dev": true
    },
    "vue-router": {
      "version": "3.4.5",
      "resolved": "https://registry.npmjs.org/vue-router/-/vue-router-3.4.5.tgz",
      "integrity": "sha512-ioRY5QyDpXM9TDjOX6hX79gtaMXSVDDzSlbIlyAmbHNteIL81WIVB2e+jbzV23vzxtoV0krdS2XHm+GxFg+Nxg==",
      "dev": true
    },
    "vuetify": {
      "version": "2.3.12",
      "resolved": "https://registry.npmjs.org/vuetify/-/vuetify-2.3.12.tgz",
      "integrity": "sha512-FSt1pzpf0/Lh0xuctAPB7RiLbUl7bzVc7ejbXLLhfmgm7zD7yabuhVYuyVda/SzokjZMGS3j1lNu2lLfdrz0oQ=="
    },
    "vuex": {
      "version": "3.5.1",
      "resolved": "https://registry.npmjs.org/vuex/-/vuex-3.5.1.tgz",
      "integrity": "sha512-w7oJzmHQs0FM9LXodfskhw9wgKBiaB+totOdb8sNzbTB2KDCEEwEs29NzBZFh/lmEK1t5tDmM1vtsO7ubG1DFw=="
    }
  }
}
